
Microsoft Visual Studio Solution File, Format Version 12.00
# Visual Studio Version 17
VisualStudioVersion = 17.0.32126.317
MinimumVisualStudioVersion = 10.0.40219.1
Project("{FAE04EC0-301F-11D3-BF4B-00C04F79EFBC}") = "BookBox", "BookBox\BookBox.csproj", "{B861EBBB-8505-4107-A1D1-4834EF4192A1}"
EndProject
Global
	GlobalSection(SolutionConfigurationPlatforms) = preSolution
		Debug|Any CPU = Debug|Any CPU
		Release|Any CPU = Release|Any CPU
	EndGlobalSection
	GlobalSection(ProjectConfigurationPlatforms) = postSolution
		{B861EBBB-8505-4107-A1D1-4834EF4192A1}.Debug|Any CPU.ActiveCfg = Debug|Any CPU
		{B861EBBB-8505-4107-A1D1-4834EF4192A1}.Debug|Any CPU.Build.0 = Debug|Any CPU
		{B861EBBB-8505-4107-A1D1-4834EF4192A1}.Release|Any CPU.ActiveCfg = Release|Any CPU
		{B861EBBB-8505-4107-A1D1-4834EF4192A1}.Release|Any CPU.Build.0 = Release|Any CPU
	EndGlobalSection
	GlobalSection(SolutionProperties) = preSolution
		HideSolutionNode = FALSE
	EndGlobalSection
	GlobalSection(ExtensibilityGlobals) = postSolution
		SolutionGuid = {3464BB3F-94B4-4A5C-9E50-5B14978D89EB}
	EndGlobalSection
EndGlobal
